
Microsoft Visual Studio Solution File, Format Version 12.00
# Visual Studio Version 17
VisualStudioVersion = 17.5.33530.505
MinimumVisualStudioVersion = 10.0.40219.1
Project("{8BC9CEB8-8B4A-11D0-8D11-00A0C91BC942}") = "HelloWorld", "HelloWorld\HelloWorld.vcxproj", "{AAB6A14E-C872-4A58-A9BE-6BFDBB2457D2}"
EndProject
Project("{8BC9CEB8-8B4A-11D0-8D11-00A0C91BC942}") = "Singleton", "Singleton\Singleton.vcxproj", "{BEAA5670-3A8F-4FA7-82E5-B0C1818E44F4}"
EndProject
Global
	GlobalSection(SolutionConfigurationPlatforms) = preSolution
		Debug|x64 = Debug|x64
		Debug|x86 = Debug|x86
		Release|x64 = Release|x64
		Release|x86 = Release|x86
	EndGlobalSection
	GlobalSection(ProjectConfigurationPlatforms) = postSolution
		{AAB6A14E-C872-4A58-A9BE-6BFDBB2457D2}.Debug|x64.ActiveCfg = Debug|x64
		{AAB6A14E-C872-4A58-A9BE-6BFDBB2457D2}.Debug|x64.Build.0 = Debug|x64
		{AAB6A14E-C872-4A58-A9BE-6BFDBB2457D2}.Debug|x86.ActiveCfg = Debug|Win32
		{AAB6A14E-C872-4A58-A9BE-6BFDBB2457D2}.Debug|x86.Build.0 = Debug|Win32
		{AAB6A14E-C872-4A58-A9BE-6BFDBB2457D2}.Release|x64.ActiveCfg = Release|x64
		{AAB6A14E-C872-4A58-A9BE-6BFDBB2457D2}.Release|x64.Build.0 = Release|x64
		{AAB6A14E-C872-4A58-A9BE-6BFDBB2457D2}.Release|x86.ActiveCfg = Release|Win32
		{AAB6A14E-C872-4A58-A9BE-6BFDBB2457D2}.Release|x86.Build.0 = Release|Win32
		{BEAA5670-3A8F-4FA7-82E5-B0C1818E44F4}.Debug|x64.ActiveCfg = Debug|x64
		{BEAA5670-3A8F-4FA7-82E5-B0C1818E44F4}.Debug|x64.Build.0 = Debug|x64
		{BEAA5670-3A8F-4FA7-82E5-B0C1818E44F4}.Debug|x86.ActiveCfg = Debug|Win32
		{BEAA5670-3A8F-4FA7-82E5-B0C1818E44F4}.Debug|x86.Build.0 = Debug|Win32
		{BEAA5670-3A8F-4FA7-82E5-B0C1818E44F4}.Release|x64.ActiveCfg = Release|x64
		{BEAA5670-3A8F-4FA7-82E5-B0C1818E44F4}.Release|x64.Build.0 = Release|x64
		{BEAA5670-3A8F-4FA7-82E5-B0C1818E44F4}.Release|x86.ActiveCfg = Release|Win32
		{BEAA5670-3A8F-4FA7-82E5-B0C1818E44F4}.Release|x86.Build.0 = Release|Win32
	EndGlobalSection
	GlobalSection(SolutionProperties) = preSolution
		HideSolutionNode = FALSE
	EndGlobalSection
	GlobalSection(ExtensibilityGlobals) = postSolution
		SolutionGuid = {9128B695-D7F9-484E-8B52-7F272C1C7463}
	EndGlobalSection
EndGlobal
